# This is a Gradle generated file for dependency locking.
# Manual edits can break the build and are not advised.
# This file is expected to be part of source control.
aopalliance:aopalliance:1.0=runtimeClasspath,testRuntimeClasspath
com.amazonaws:aws-java-sdk-core:1.12.793=runtimeClasspath,testRuntimeClasspath
com.amazonaws:aws-java-sdk-sts:1.12.793=runtimeClasspath,testRuntimeClasspath
com.amazonaws:jmespath-java:1.12.793=runtimeClasspath,testRuntimeClasspath
com.azure:azure-core-http-netty:1.16.5=runtimeClasspath,testRuntimeClasspath
com.azure:azure-core:1.58.1=runtimeClasspath,testRuntimeClasspath
com.azure:azure-cosmos:4.81.0=runtimeClasspath,testRuntimeClasspath
com.azure:azure-json:1.5.1=runtimeClasspath,testRuntimeClasspath
com.azure:azure-storage-blob:12.35.0=runtimeClasspath,testRuntimeClasspath
com.azure:azure-storage-common:12.34.0=runtimeClasspath,testRuntimeClasspath
com.azure:azure-storage-internal-avro:12.20.0=runtimeClasspath,testRuntimeClasspath
com.azure:azure-xml:1.2.1=runtimeClasspath,testRuntimeClasspath
com.fasterxml.jackson.core:jackson-annotations:2.19.2=runtimeClasspath,testRuntimeClasspath
com.fasterxml.jackson.core:jackson-core:2.19.2=runtimeClasspath,testRuntimeClasspath
com.fasterxml.jackson.core:jackson-databind:2.19.2=runtimeClasspath,testRuntimeClasspath
com.fasterxml.jackson.dataformat:jackson-dataformat-cbor:2.19.2=runtimeClasspath,testRuntimeClasspath
com.fasterxml.jackson.dataformat:jackson-dataformat-xml:2.19.2=runtimeClasspath,testRuntimeClasspath
com.fasterxml.jackson.datatype:jackson-datatype-jsr310:2.19.2=runtimeClasspath,testRuntimeClasspath
com.fasterxml.jackson:jackson-bom:2.19.2=runtimeClasspath,testRuntimeClasspath
com.fasterxml.woodstox:woodstox-core:7.0.0=runtimeClasspath,testRuntimeClasspath
com.github.ben-manes.caffeine:caffeine:2.9.3=runtimeClasspath,testRuntimeClasspath
com.github.jnr:jffi:1.2.16=runtimeClasspath,testRuntimeClasspath
com.github.jnr:jnr-constants:0.9.9=runtimeClasspath,testRuntimeClasspath
com.github.jnr:jnr-ffi:2.1.7=runtimeClasspath,testRuntimeClasspath
com.github.jnr:jnr-posix:3.0.44=runtimeClasspath,testRuntimeClasspath
com.github.jnr:jnr-x86asm:1.0.2=runtimeClasspath,testRuntimeClasspath
com.google.android:annotations:4.1.1.4=runtimeClasspath,testRuntimeClasspath
com.google.api-client:google-api-client:2.7.2=runtimeClasspath,testRuntimeClasspath
com.google.api.grpc:gapic-google-cloud-storage-v2:2.70.0=runtimeClasspath,testRuntimeClasspath
com.google.api.grpc:grpc-google-cloud-alloydb-v1alpha:0.83.0=runtimeClasspath,testRuntimeClasspath
com.google.api.grpc:grpc-google-cloud-spanner-admin-database-v1:6.119.0=runtimeClasspath,testRuntimeClasspath
com.google.api.grpc:grpc-google-cloud-spanner-admin-instance-v1:6.119.0=runtimeClasspath,testRuntimeClasspath
com.google.api.grpc:grpc-google-cloud-spanner-v1:6.119.0=runtimeClasspath,testRuntimeClasspath
com.google.api.grpc:grpc-google-cloud-storage-v2:2.70.0=runtimeClasspath,testRuntimeClasspath
com.google.api.grpc:grpc-google-common-protos:2.73.0=runtimeClasspath,testRuntimeClasspath
com.google.api.grpc:proto-google-cloud-alloydb-connectors-v1:0.72.0=runtimeClasspath,testRuntimeClasspath
com.google.api.grpc:proto-google-cloud-alloydb-v1:0.83.0=runtimeClasspath,testRuntimeClasspath
com.google.api.grpc:proto-google-cloud-alloydb-v1alpha:0.83.0=runtimeClasspath,testRuntimeClasspath
com.google.api.grpc:proto-google-cloud-alloydb-v1beta:0.83.0=runtimeClasspath,testRuntimeClasspath
com.google.api.grpc:proto-google-cloud-monitoring-v3:3.95.0=runtimeClasspath,testRuntimeClasspath
com.google.api.grpc:proto-google-cloud-spanner-admin-database-v1:6.119.0=runtimeClasspath,testRuntimeClasspath
com.google.api.grpc:proto-google-cloud-spanner-admin-instance-v1:6.119.0=runtimeClasspath,testRuntimeClasspath
com.google.api.grpc:proto-google-cloud-spanner-v1:6.119.0=runtimeClasspath,testRuntimeClasspath
com.google.api.grpc:proto-google-cloud-storage-v2:2.70.0=runtimeClasspath,testRuntimeClasspath
com.google.api.grpc:proto-google-common-protos:2.73.0=runtimeClasspath,testRuntimeClasspath
com.google.api.grpc:proto-google-iam-v1:1.68.0=runtimeClasspath,testRuntimeClasspath
com.google.api:api-common:2.65.0=runtimeClasspath,testRuntimeClasspath
com.google.api:gax-grpc:2.82.0=runtimeClasspath,testRuntimeClasspath
com.google.api:gax-httpjson:2.82.0=runtimeClasspath,testRuntimeClasspath
com.google.api:gax:2.82.0=runtimeClasspath,testRuntimeClasspath
com.google.apis:google-api-services-storage:v1-rev20260524-2.0.0=runtimeClasspath,testRuntimeClasspath
com.google.auth:google-auth-library-credentials:1.49.0=runtimeClasspath,testRuntimeClasspath
com.google.auth:google-auth-library-oauth2-http:1.49.0=runtimeClasspath,testRuntimeClasspath
com.google.auto.value:auto-value-annotations:1.11.0=runtimeClasspath,testRuntimeClasspath
com.google.cloud.opentelemetry:detector-resources-support:0.33.0=runtimeClasspath,testRuntimeClasspath
com.google.cloud.opentelemetry:exporter-metrics:0.33.0=runtimeClasspath,testRuntimeClasspath
com.google.cloud.opentelemetry:shared-resourcemapping:0.33.0=runtimeClasspath,testRuntimeClasspath
com.google.cloud:alloydb-jdbc-connector:1.3.2=runtimeClasspath,testRuntimeClasspath
com.google.cloud:google-cloud-alloydb:0.83.0=runtimeClasspath,testRuntimeClasspath
com.google.cloud:google-cloud-core-grpc:2.72.0=runtimeClasspath,testRuntimeClasspath
com.google.cloud:google-cloud-core-http:2.72.0=runtimeClasspath,testRuntimeClasspath
com.google.cloud:google-cloud-core:2.72.0=runtimeClasspath,testRuntimeClasspath
com.google.cloud:google-cloud-monitoring:3.95.0=runtimeClasspath,testRuntimeClasspath
com.google.cloud:google-cloud-spanner-jdbc:2.41.0=runtimeClasspath,testRuntimeClasspath
com.google.cloud:google-cloud-spanner:6.119.0=runtimeClasspath,testRuntimeClasspath
com.google.cloud:google-cloud-storage:2.70.0=runtimeClasspath,testRuntimeClasspath
com.google.cloud:grpc-gcp:1.12.0=runtimeClasspath,testRuntimeClasspath
com.google.cloud:libraries-bom:26.48.0=runtimeClasspath,testRuntimeClasspath
com.google.code.findbugs:jsr305:3.0.2=runtimeClasspath,testRuntimeClasspath
com.google.code.gson:gson:2.14.0=compileClasspath,runtimeClasspath,testCompileClasspath,testRuntimeClasspath
com.google.crypto.tink:tink:1.16.0=runtimeClasspath,testRuntimeClasspath
com.google.errorprone:error_prone_annotations:2.48.0=compileClasspath,testCompileClasspath
com.google.errorprone:error_prone_annotations:2.50.0=runtimeClasspath,testRuntimeClasspath
com.google.guava:failureaccess:1.0.3=runtimeClasspath,testRuntimeClasspath
com.google.guava:guava:33.6.0-jre=runtimeClasspath,testRuntimeClasspath
com.google.guava:listenablefuture:9999.0-empty-to-avoid-conflict-with-guava=runtimeClasspath,testRuntimeClasspath
com.google.http-client:google-http-client-apache-v2:2.1.1=runtimeClasspath,testRuntimeClasspath
com.google.http-client:google-http-client-appengine:2.1.1=runtimeClasspath,testRuntimeClasspath
com.google.http-client:google-http-client-gson:2.1.1=runtimeClasspath,testRuntimeClasspath
com.google.http-client:google-http-client-jackson2:2.1.1=runtimeClasspath,testRuntimeClasspath
com.google.http-client:google-http-client:2.1.1=runtimeClasspath,testRuntimeClasspath
com.google.inject:guice:7.0.0=runtimeClasspath,testRuntimeClasspath
com.google.j2objc:j2objc-annotations:3.1=runtimeClasspath,testRuntimeClasspath
com.google.oauth-client:google-oauth-client:1.39.0=runtimeClasspath,testRuntimeClasspath
com.google.protobuf:protobuf-java-util:4.35.1=runtimeClasspath,testRuntimeClasspath
com.google.protobuf:protobuf-java:4.35.1=runtimeClasspath,testRuntimeClasspath
com.google.re2j:re2j:1.8=runtimeClasspath,testRuntimeClasspath
com.h2database:h2:2.5.250=compileClasspath,runtimeClasspath,testCompileClasspath,testRuntimeClasspath
com.ibm.db2:jcc:12.1.5.0=runtimeClasspath,testRuntimeClasspath
com.microsoft.sqlserver:mssql-jdbc:12.8.2.jre8=runtimeClasspath,testRuntimeClasspath
com.mysql:mysql-connector-j:8.4.0=runtimeClasspath,testRuntimeClasspath
com.oracle.database.jdbc:ojdbc11:23.5.0.24.07=runtimeClasspath,testRuntimeClasspath
com.oracle.database.jdbc:ojdbc8:23.26.2.0.0=runtimeClasspath,testRuntimeClasspath
com.scalar-labs:scalardb-cluster-common:3.19.1=runtimeClasspath,testRuntimeClasspath
com.scalar-labs:scalardb-cluster-java-client-sdk:3.19.1=runtimeClasspath,testRuntimeClasspath
com.scalar-labs:scalardb-cluster-rpc:3.19.1=runtimeClasspath,testRuntimeClasspath
com.scalar-labs:scalardb-sql-jdbc:3.19.1=runtimeClasspath,testRuntimeClasspath
com.scalar-labs:scalardb-sql:3.19.1=runtimeClasspath,testRuntimeClasspath
com.scalar-labs:scalardb:3.19.1=compileClasspath,runtimeClasspath,testCompileClasspath,testRuntimeClasspath
com.squareup.okhttp3:logging-interceptor:5.3.2=runtimeClasspath,testRuntimeClasspath
com.squareup.okhttp3:okhttp-jvm:5.3.2=runtimeClasspath,testRuntimeClasspath
com.squareup.okhttp3:okhttp:5.3.2=runtimeClasspath,testRuntimeClasspath
com.squareup.okio:okio-jvm:3.16.4=runtimeClasspath,testRuntimeClasspath
com.squareup.okio:okio:3.16.4=runtimeClasspath,testRuntimeClasspath
com.yugabyte:jdbc-yugabytedb:42.7.3-yb-4=runtimeClasspath,testRuntimeClasspath
com.zaxxer:HikariCP:4.0.3=runtimeClasspath,testRuntimeClasspath
commons-codec:commons-codec:1.20.0=runtimeClasspath,testRuntimeClasspath
commons-io:commons-io:2.21.0=runtimeClasspath,testRuntimeClasspath
commons-logging:commons-logging:1.2=runtimeClasspath,testRuntimeClasspath
io.dropwizard.metrics:metrics-core:4.1.0=runtimeClasspath,testRuntimeClasspath
io.grpc:grpc-alts:1.81.0=runtimeClasspath,testRuntimeClasspath
io.grpc:grpc-api:1.83.0=runtimeClasspath,testRuntimeClasspath
io.grpc:grpc-auth:1.81.0=runtimeClasspath,testRuntimeClasspath
io.grpc:grpc-context:1.83.0=runtimeClasspath,testRuntimeClasspath
io.grpc:grpc-core:1.83.0=runtimeClasspath,testRuntimeClasspath
io.grpc:grpc-googleapis:1.81.0=runtimeClasspath,testRuntimeClasspath
io.grpc:grpc-grpclb:1.81.0=runtimeClasspath,testRuntimeClasspath
io.grpc:grpc-inprocess:1.81.0=runtimeClasspath,testRuntimeClasspath
io.grpc:grpc-netty-shaded:1.83.0=runtimeClasspath,testRuntimeClasspath
io.grpc:grpc-opentelemetry:1.81.0=runtimeClasspath,testRuntimeClasspath
io.grpc:grpc-protobuf-lite:1.83.0=runtimeClasspath,testRuntimeClasspath
io.grpc:grpc-protobuf:1.83.0=runtimeClasspath,testRuntimeClasspath
io.grpc:grpc-rls:1.81.0=runtimeClasspath,testRuntimeClasspath
io.grpc:grpc-services:1.83.0=runtimeClasspath,testRuntimeClasspath
io.grpc:grpc-stub:1.83.0=runtimeClasspath,testRuntimeClasspath
io.grpc:grpc-util:1.83.0=runtimeClasspath,testRuntimeClasspath
io.grpc:grpc-xds:1.81.0=runtimeClasspath,testRuntimeClasspath
io.gsonfire:gson-fire:1.9.0=runtimeClasspath,testRuntimeClasspath
io.kubernetes:client-java-api:25.0.0-legacy=runtimeClasspath,testRuntimeClasspath
io.kubernetes:client-java-proto:25.0.0-legacy=runtimeClasspath,testRuntimeClasspath
io.kubernetes:client-java:25.0.0-legacy=runtimeClasspath,testRuntimeClasspath
io.micrometer:micrometer-commons:1.15.1=runtimeClasspath,testRuntimeClasspath
io.micrometer:micrometer-core:1.15.1=runtimeClasspath,testRuntimeClasspath
io.micrometer:micrometer-observation:1.15.1=runtimeClasspath,testRuntimeClasspath
io.netty:netty-buffer:4.1.136.Final=runtimeClasspath,testRuntimeClasspath
io.netty:netty-codec-dns:4.1.135.Final=runtimeClasspath,testRuntimeClasspath
io.netty:netty-codec-http2:4.1.136.Final=runtimeClasspath,testRuntimeClasspath
io.netty:netty-codec-http:4.1.136.Final=runtimeClasspath,testRuntimeClasspath
io.netty:netty-codec-socks:4.1.135.Final=runtimeClasspath,testRuntimeClasspath
io.netty:netty-codec:4.1.136.Final=runtimeClasspath,testRuntimeClasspath
io.netty:netty-common:4.1.136.Final=runtimeClasspath,testRuntimeClasspath
io.netty:netty-handler-proxy:4.1.135.Final=runtimeClasspath,testRuntimeClasspath
io.netty:netty-handler:4.1.136.Final=runtimeClasspath,testRuntimeClasspath
io.netty:netty-resolver-dns-classes-macos:4.1.135.Final=runtimeClasspath,testRuntimeClasspath
io.netty:netty-resolver-dns-native-macos:4.1.135.Final=runtimeClasspath,testRuntimeClasspath
io.netty:netty-resolver-dns:4.1.135.Final=runtimeClasspath,testRuntimeClasspath
io.netty:netty-resolver:4.1.136.Final=runtimeClasspath,testRuntimeClasspath
io.netty:netty-tcnative-boringssl-static:2.0.78.Final=runtimeClasspath,testRuntimeClasspath
io.netty:netty-tcnative-classes:2.0.78.Final=runtimeClasspath,testRuntimeClasspath
io.netty:netty-transport-classes-epoll:4.1.136.Final=runtimeClasspath,testRuntimeClasspath
io.netty:netty-transport-classes-kqueue:4.1.135.Final=runtimeClasspath,testRuntimeClasspath
io.netty:netty-transport-native-epoll:4.1.135.Final=runtimeClasspath,testRuntimeClasspath
io.netty:netty-transport-native-kqueue:4.1.135.Final=runtimeClasspath,testRuntimeClasspath
io.netty:netty-transport-native-unix-common:4.1.136.Final=runtimeClasspath,testRuntimeClasspath
io.netty:netty-transport:4.1.136.Final=runtimeClasspath,testRuntimeClasspath
io.opencensus:opencensus-api:0.31.1=runtimeClasspath,testRuntimeClasspath
io.opencensus:opencensus-contrib-grpc-util:0.31.1=runtimeClasspath,testRuntimeClasspath
io.opencensus:opencensus-contrib-http-util:0.31.1=runtimeClasspath,testRuntimeClasspath
io.opentelemetry.contrib:opentelemetry-gcp-resources:1.37.0-alpha=runtimeClasspath,testRuntimeClasspath
io.opentelemetry.semconv:opentelemetry-semconv:1.29.0-alpha=runtimeClasspath,testRuntimeClasspath
io.opentelemetry:opentelemetry-api:1.62.0=runtimeClasspath,testRuntimeClasspath
io.opentelemetry:opentelemetry-bom:1.42.1=runtimeClasspath,testRuntimeClasspath
io.opentelemetry:opentelemetry-common:1.62.0=runtimeClasspath,testRuntimeClasspath
io.opentelemetry:opentelemetry-context:1.62.0=runtimeClasspath,testRuntimeClasspath
io.opentelemetry:opentelemetry-sdk-common:1.62.0=runtimeClasspath,testRuntimeClasspath
io.opentelemetry:opentelemetry-sdk-extension-autoconfigure-spi:1.62.0=runtimeClasspath,testRuntimeClasspath
io.opentelemetry:opentelemetry-sdk-logs:1.62.0=runtimeClasspath,testRuntimeClasspath
io.opentelemetry:opentelemetry-sdk-metrics:1.62.0=runtimeClasspath,testRuntimeClasspath
io.opentelemetry:opentelemetry-sdk-trace:1.62.0=runtimeClasspath,testRuntimeClasspath
io.opentelemetry:opentelemetry-sdk:1.62.0=runtimeClasspath,testRuntimeClasspath
io.perfmark:perfmark-api:0.27.0=runtimeClasspath,testRuntimeClasspath
io.projectreactor.netty:reactor-netty-core:1.2.18=runtimeClasspath,testRuntimeClasspath
io.projectreactor.netty:reactor-netty-http:1.2.18=runtimeClasspath,testRuntimeClasspath
io.projectreactor:reactor-core:3.7.19=runtimeClasspath,testRuntimeClasspath
io.prometheus:simpleclient:0.16.0=runtimeClasspath,testRuntimeClasspath
io.prometheus:simpleclient_common:0.16.0=runtimeClasspath,testRuntimeClasspath
io.prometheus:simpleclient_httpserver:0.16.0=runtimeClasspath,testRuntimeClasspath
io.prometheus:simpleclient_tracer_common:0.16.0=runtimeClasspath,testRuntimeClasspath
io.prometheus:simpleclient_tracer_otel:0.16.0=runtimeClasspath,testRuntimeClasspath
io.prometheus:simpleclient_tracer_otel_agent:0.16.0=runtimeClasspath,testRuntimeClasspath
io.swagger:swagger-annotations:1.6.16=runtimeClasspath,testRuntimeClasspath
jakarta.annotation:jakarta.annotation-api:3.0.0=runtimeClasspath,testRuntimeClasspath
jakarta.inject:jakarta.inject-api:2.0.1=runtimeClasspath,testRuntimeClasspath
jakarta.ws.rs:jakarta.ws.rs-api:4.0.0=runtimeClasspath,testRuntimeClasspath
javax.activation:javax.activation-api:1.2.0=runtimeClasspath,testRuntimeClasspath
javax.annotation:javax.annotation-api:1.3.2=runtimeClasspath,testRuntimeClasspath
javax.xml.bind:jaxb-api:2.3.1=runtimeClasspath,testRuntimeClasspath
joda-time:joda-time:2.12.7=runtimeClasspath,testRuntimeClasspath
org.apache.cassandra:cassandra-driver-core:3.12.1=runtimeClasspath,testRuntimeClasspath
org.apache.commons:commons-collections4:4.5.0=runtimeClasspath,testRuntimeClasspath
org.apache.commons:commons-compress:1.28.0=runtimeClasspath,testRuntimeClasspath
org.apache.commons:commons-lang3:3.20.0=runtimeClasspath,testRuntimeClasspath
org.apache.commons:commons-text:1.15.0=runtimeClasspath,testRuntimeClasspath
org.apache.httpcomponents.client5:httpclient5:5.6.2=runtimeClasspath,testRuntimeClasspath
org.apache.httpcomponents.core5:httpcore5-h2:5.4.3=runtimeClasspath,testRuntimeClasspath
org.apache.httpcomponents.core5:httpcore5:5.4.3=runtimeClasspath,testRuntimeClasspath
org.apache.httpcomponents:httpclient:4.5.14=runtimeClasspath,testRuntimeClasspath
org.apache.httpcomponents:httpcore:4.4.16=runtimeClasspath,testRuntimeClasspath
org.apiguardian:apiguardian-api:1.1.2=testCompileClasspath
org.bitbucket.b_c:jose4j:0.9.6=runtimeClasspath,testRuntimeClasspath
org.bouncycastle:bcpkix-jdk18on:1.82=runtimeClasspath,testRuntimeClasspath
org.bouncycastle:bcprov-jdk18on:1.82=runtimeClasspath,testRuntimeClasspath
org.bouncycastle:bcutil-jdk18on:1.82=runtimeClasspath,testRuntimeClasspath
org.checkerframework:checker-qual:3.55.1=runtimeClasspath,testRuntimeClasspath
org.codehaus.mojo:animal-sniffer-annotations:1.27=runtimeClasspath,testRuntimeClasspath
org.codehaus.woodstox:stax2-api:4.2.2=runtimeClasspath,testRuntimeClasspath
org.conscrypt:conscrypt-openjdk-uber:2.5.2=runtimeClasspath,testRuntimeClasspath
org.hdrhistogram:HdrHistogram:2.2.2=runtimeClasspath,testRuntimeClasspath
org.jetbrains.kotlin:kotlin-stdlib:2.2.21=runtimeClasspath,testRuntimeClasspath
org.jetbrains:annotations:13.0=runtimeClasspath,testRuntimeClasspath
org.jooq:jooq:3.14.16=runtimeClasspath,testRuntimeClasspath
org.jspecify:jspecify:1.0.0=runtimeClasspath,testRuntimeClasspath
org.junit.jupiter:junit-jupiter-api:5.14.4=testCompileClasspath,testRuntimeClasspath
org.junit.jupiter:junit-jupiter-engine:5.14.4=testRuntimeClasspath
org.junit.jupiter:junit-jupiter-params:5.14.4=testCompileClasspath,testRuntimeClasspath
org.junit.jupiter:junit-jupiter:5.14.4=testCompileClasspath,testRuntimeClasspath
org.junit.platform:junit-platform-commons:1.14.4=testCompileClasspath,testRuntimeClasspath
org.junit.platform:junit-platform-engine:1.14.4=testRuntimeClasspath
org.junit.platform:junit-platform-launcher:1.14.4=testRuntimeClasspath
org.junit:junit-bom:5.14.4=testCompileClasspath,testRuntimeClasspath
org.latencyutils:LatencyUtils:2.0.3=runtimeClasspath,testRuntimeClasspath
org.mariadb.jdbc:mariadb-java-client:3.5.9=runtimeClasspath,testRuntimeClasspath
org.opentest4j:opentest4j:1.3.0=testCompileClasspath,testRuntimeClasspath
org.ow2.asm:asm-analysis:5.0.3=runtimeClasspath,testRuntimeClasspath
org.ow2.asm:asm-commons:5.0.3=runtimeClasspath,testRuntimeClasspath
org.ow2.asm:asm-tree:5.0.3=runtimeClasspath,testRuntimeClasspath
org.ow2.asm:asm-util:5.0.3=runtimeClasspath,testRuntimeClasspath
org.ow2.asm:asm:5.0.3=runtimeClasspath,testRuntimeClasspath
org.postgresql:postgresql:42.7.13=runtimeClasspath,testRuntimeClasspath
org.reactivestreams:reactive-streams:1.0.4=runtimeClasspath,testRuntimeClasspath
org.slf4j:slf4j-api:2.0.18=runtimeClasspath,testRuntimeClasspath
org.slf4j:slf4j-simple:2.0.18=runtimeClasspath,testRuntimeClasspath
org.threeten:threetenbp:1.7.0=runtimeClasspath,testRuntimeClasspath
org.xerial:sqlite-jdbc:3.53.2.1=runtimeClasspath,testRuntimeClasspath
org.yaml:snakeyaml:2.3=testCompileClasspath
org.yaml:snakeyaml:2.5=runtimeClasspath,testRuntimeClasspath
software.amazon.awssdk.crt:aws-crt:0.48.0=runtimeClasspath,testRuntimeClasspath
software.amazon.awssdk:annotations:2.49.3=runtimeClasspath,testRuntimeClasspath
software.amazon.awssdk:apache5-client:2.49.3=runtimeClasspath,testRuntimeClasspath
software.amazon.awssdk:applicationautoscaling:2.49.3=runtimeClasspath,testRuntimeClasspath
software.amazon.awssdk:arns:2.49.3=runtimeClasspath,testRuntimeClasspath
software.amazon.awssdk:auth:2.49.3=runtimeClasspath,testRuntimeClasspath
software.amazon.awssdk:aws-core:2.49.3=runtimeClasspath,testRuntimeClasspath
software.amazon.awssdk:aws-crt-client:2.49.3=runtimeClasspath,testRuntimeClasspath
software.amazon.awssdk:aws-json-protocol:2.49.3=runtimeClasspath,testRuntimeClasspath
software.amazon.awssdk:aws-query-protocol:2.49.3=runtimeClasspath,testRuntimeClasspath
software.amazon.awssdk:aws-xml-protocol:2.49.3=runtimeClasspath,testRuntimeClasspath
software.amazon.awssdk:bom:2.49.3=runtimeClasspath,testRuntimeClasspath
software.amazon.awssdk:checksums-spi:2.49.3=runtimeClasspath,testRuntimeClasspath
software.amazon.awssdk:checksums:2.49.3=runtimeClasspath,testRuntimeClasspath
software.amazon.awssdk:crt-core:2.49.3=runtimeClasspath,testRuntimeClasspath
software.amazon.awssdk:dynamodb:2.49.3=runtimeClasspath,testRuntimeClasspath
software.amazon.awssdk:endpoints-spi:2.49.3=runtimeClasspath,testRuntimeClasspath
software.amazon.awssdk:http-auth-aws-eventstream:2.49.3=runtimeClasspath,testRuntimeClasspath
software.amazon.awssdk:http-auth-aws:2.49.3=runtimeClasspath,testRuntimeClasspath
software.amazon.awssdk:http-auth-spi:2.49.3=runtimeClasspath,testRuntimeClasspath
software.amazon.awssdk:http-auth:2.49.3=runtimeClasspath,testRuntimeClasspath
software.amazon.awssdk:http-client-spi:2.49.3=runtimeClasspath,testRuntimeClasspath
software.amazon.awssdk:identity-spi:2.49.3=runtimeClasspath,testRuntimeClasspath
software.amazon.awssdk:json-utils:2.49.3=runtimeClasspath,testRuntimeClasspath
software.amazon.awssdk:metrics-spi:2.49.3=runtimeClasspath,testRuntimeClasspath
software.amazon.awssdk:netty-nio-client:2.49.3=runtimeClasspath,testRuntimeClasspath
software.amazon.awssdk:profiles:2.49.3=runtimeClasspath,testRuntimeClasspath
software.amazon.awssdk:protocol-core:2.49.3=runtimeClasspath,testRuntimeClasspath
software.amazon.awssdk:regions:2.49.3=runtimeClasspath,testRuntimeClasspath
software.amazon.awssdk:retries-spi:2.49.3=runtimeClasspath,testRuntimeClasspath
software.amazon.awssdk:retries:2.49.3=runtimeClasspath,testRuntimeClasspath
software.amazon.awssdk:s3:2.49.3=runtimeClasspath,testRuntimeClasspath
software.amazon.awssdk:sdk-core:2.49.3=runtimeClasspath,testRuntimeClasspath
software.amazon.awssdk:third-party-jackson-core:2.49.3=runtimeClasspath,testRuntimeClasspath
software.amazon.awssdk:utils-lite:2.49.3=runtimeClasspath,testRuntimeClasspath
software.amazon.awssdk:utils:2.49.3=runtimeClasspath,testRuntimeClasspath
software.amazon.eventstream:eventstream:1.0.1=runtimeClasspath,testRuntimeClasspath
software.amazon.jdbc:aws-advanced-jdbc-wrapper:4.3.0=runtimeClasspath,testRuntimeClasspath
empty=annotationProcessor,testAnnotationProcessor
